github.com/cristalhq/base64 v0.1.2 h1:edsefYyYDiac7Ytdh2xdaiiSSJzcI2f0yIkdGEf1qY0=
github.com/cristalhq/base64 v0.1.2/go.mod h1:sy4+2Hale2KbtSqkzpdMeYTP/IrB+HCvxVHWsh2VSYk=
github.com/emmansun/base64 v0.10.0 h1:sMW+wqusjjq6wPIhIS9+kAMq+UXL4/qRPy7dX9oLFNI=
github.com/emmansun/base64 v0.10.0/go.mod h1:BD7xc9SDECKNzG6q5kX4wMXmIdgHJ+HXWvQv3ImB1V4=
github.com/go-regexp/engine v0.1.3 h1:0U5DrrBEYjNX/f0yFESpQDWmJOtXmmZqluNAUBXjfxY=
github.com/go-regexp/engine v0.1.3/go.mod h1:8rju5lq5OkskQh9+m+FjBP6965giMPUdIOdrvFrbqn4=
github.com/go-ruby-abbrev/abbrev v0.0.0-20260717061206-761e82f6c6c3 h1:Kr5v05FTYGi4hzkAw5r+uNlRRX0mBS6nnL1Nom9Yzwc=
github.com/go-ruby-abbrev/abbrev v0.0.0-20260717061206-761e82f6c6c3/go.mod h1:PgAtItdQBv87Wog0Q7rnbwhqsupDC0pDXDlZgSv6nvA=
github.com/go-ruby-base64/base64 v0.0.0-20260916090912-e1e211a81fd1 h1:o67TKyiWELF07wklV220MjmFV6LBsGAC1XzxyZa+uSQ=
github.com/go-ruby-base64/base64 v0.0.0-20260916090912-e1e211a81fd1/go.mod h1:JZf/Kc4NucCOPGiikq72HcKqM81N5xcxZ5QWBqT7fyU=
github.com/go-ruby-benchmark/benchmark v0.0.0-20260717062257-3cc267fbe9b3 h1:zwiec5z+7x7tGeTc4j9UnCBj7BrEiFpLtedhFRTny8s=
github.com/go-ruby-benchmark/benchmark v0.0.0-20260717062257-3cc267fbe9b3/go.mod h1:xTLuIsErHXTxzLBJkUz5J07NwY58QJ75j2Ww4DQGFEM=
github.com/go-ruby-bigdecimal/bigdecimal v0.0.0-20260916091144-b31c0a1caac2 h1:zo7WF/+KG9X0TeWzxNwKq5TBsIoBx9R39lyU05uhKH8=
github.com/go-ruby-bigdecimal/bigdecimal v0.0.0-20260916091144-b31c0a1caac2/go.mod h1:op9nu6Z2gvH8/phs7iJZQWNvUnT2DkJV8wBAl1l0kfE=
github.com/go-ruby-cgi/cgi v0.0.0-20260717062833-adf35051de76 h1:EpBN2SKNpUJQvOHxMTZtNvLsMoFkypc9HtlRi40F720=
github.com/go-ruby-cgi/cgi v0.0.0-20260717062833-adf35051de76/go.mod h1:TAIxiFMAj68dWClzEmDY1vCSNFiPfupD3HRADRXrkZw=
github.com/go-ruby-cmath/cmath v0.0.0-20260717063021-5f2ebb903ff8 h1:P0341Wa52CVcJhtBn/8uGZdbQM2RFz4wesvzp6Js9o4=
github.com/go-ruby-cmath/cmath v0.0.0-20260717063021-5f2ebb903ff8/go.mod h1:djGUM2WR7AdnZqeRg/OQ4xVzmsl8PAWQKILX2n/foas=
github.com/go-ruby-complex/complex v0.0.0-20260717063207-ad262f45ef90 h1:+7S3XskOZttL/zoFHFkMa13l9Z4IK30Am6OXjS6seDo=
github.com/go-ruby-complex/complex v0.0.0-20260717063207-ad262f45ef90/go.mod h1:SlQrQ0OgZRrWi2slZEzjUOPqt09g7NvBmTFXfJRZigY=
github.com/go-ruby-csv/csv v0.0.0-20260717063450-c0e361e4d3ee h1:onqW68bntEame4+iCxLbWPizZ58F1JafoA5OmmF3lM4=
github.com/go-ruby-csv/csv v0.0.0-20260717063450-c0e361e4d3ee/go.mod h1:vvfFJGcGOK37vnBikohtzboL6dIfbsr54+2Ri0HkWwk=
github.com/go-ruby-date/date v0.0.0-20260717063625-7b8321539439 h1:4A+1sF1XpSAwpw6YoTPHzq2gDBbzMFFC3ZIAV8K1hrk=
github.com/go-ruby-date/date v0.0.0-20260717063625-7b8321539439/go.mod h1:kn4XWlGthyqF+ogp9Tmj9EYLmvZa3Yb9Eqnfdsgu63Y=
github.com/go-ruby-did-you-mean/did-you-mean v0.0.0-20260717063932-c1bcb7f2c2eb h1:crX81ozdc3NB/fUCoyVjNLt/HKE0BiTCyHI2jUtxYdg=
github.com/go-ruby-did-you-mean/did-you-mean v0.0.0-20260717063932-c1bcb7f2c2eb/go.mod h1:8I30lj4s9N0MCztmdJdCyMRCfK5xBBQiWHUwgnK3pIY=
github.com/go-ruby-did-you-mean/did-you-mean v0.0.0-20261010104611-cf32ac484a6f h1:RsSXefxG1horP5QzcpmVqn9Lmnq4xusXEcKmPsGxyCI=
github.com/go-ruby-did-you-mean/did-you-mean v0.0.0-20261010104611-cf32ac484a6f/go.mod h1:wpf2Prq+DRWEr1WDtkFBFfgKpfrLC7nBzUEW7Q2GMFg=
github.com/go-ruby-digest/digest v0.0.0-20260903192710-f831cb18da00 h1:sSXMflvqS7zdjhrvwYS340Wzq6ow2WwbDq2EJN5/yPs=
github.com/go-ruby-digest/digest v0.0.0-20260903192710-f831cb18da00/go.mod h1:k+KU6sWXxDnfKAyygqyp+vaDJBnXHvi9hGvgSbRD/o0=
github.com/go-ruby-erb/erb v0.0.0-20260717064518-1e3bc0812b45 h1:C4HnZxZAm46pyQfkE7ELXCyDisI3Buzg/cR4d2F8dlY=
github.com/go-ruby-erb/erb v0.0.0-20260717064518-1e3bc0812b45/go.mod h1:HEJVI7jQ/BnjiSiu2Wj934QboEAgdv47RNOqvZb+nRw=
github.com/go-ruby-find/find v0.0.0-20260916093229-03f8985707b5 h1:3UiJEH7DMbS7uJal9QdjTEQ0b1y7Gprpt2uT+8yO4bY=
github.com/go-ruby-find/find v0.0.0-20260916093229-03f8985707b5/go.mod h1:wpq0ciEFn8zUc1vfuHRjF2U8mH0krhJCRHHr+JOGaEY=
github.com/go-ruby-format/format v0.0.0-20260831115501-f58c7d12507c h1:ffhla/GiFfRo9sfePiyW9kvXOx/Y0GYhIk+vinmBgTs=
github.com/go-ruby-format/format v0.0.0-20260831115501-f58c7d12507c/go.mod h1:1tuz12SHPOcnFSfdPYRFwVvRhMT4Xn4M4jfPFgM7pLA=
github.com/go-ruby-getoptlong/getoptlong v0.0.0-20260717065132-86577a8b648f h1:8XSjphvk/cjo1PykwmOP1nlPdElZWmF4kD9vE9krkic=
github.com/go-ruby-getoptlong/getoptlong v0.0.0-20260717065132-86577a8b648f/go.mod h1:nGvVSBSIsYrhM2qs4yQ2k8uDbXCFPWQXXqkowleHMDs=
github.com/go-ruby-ipaddr/ipaddr v0.0.0-20260717065751-ac3e17f41c3e h1:05rg2MjIKFRsHXfktv+ey/weC5XWc6JsI6nOL4gAUs0=
github.com/go-ruby-ipaddr/ipaddr v0.0.0-20260717065751-ac3e17f41c3e/go.mod h1:NbAjqDjT7Qx83yBMHYGCfPFzi+iAvQtrE3JT3nqS/+U=
github.com/go-ruby-json/json v0.0.0-20260803122801-b23aeb96e6ae h1:cmEWSuke12mKpqI+M9gupv+m/4hNx6P1pE21qfO69tc=
github.com/go-ruby-json/json v0.0.0-20260803122801-b23aeb96e6ae/go.mod h1:nHXcH3zaGNmCslZStZVeylXkv1wLp+nzT6qNj+m+QXU=
github.com/go-ruby-logger/logger v0.0.0-20260717070206-b7582341d8fc h1:iWYzhXffBOztpp45ePVtGvMeWJhxCuz3zkNdaOYbZAQ=
github.com/go-ruby-logger/logger v0.0.0-20260717070206-b7582341d8fc/go.mod h1:9+5E2AAIpErKRtzJ7zqZSfptjlD/XcD/ni6H9jpO37Y=
github.com/go-ruby-marshal/marshal v0.0.0-20260820215345-e25f276d2451 h1:uuOqNDFJgvAU7OVFn9TLv5r7mMejq20gJRh7EzyW72k=
github.com/go-ruby-marshal/marshal v0.0.0-20260820215345-e25f276d2451/go.mod h1:UpjSgWGcQSNt0ARWuHKwf0P55LkwZ65vuqoRPSKctZ8=
github.com/go-ruby-matrix/matrix v0.0.0-20260717070327-18d9569abdf3 h1:mouC2fDHVnZNzvFKhjUxyQK8HsJ51AvmSLS9zd/jlo0=
github.com/go-ruby-matrix/matrix v0.0.0-20260717070327-18d9569abdf3/go.mod h1:ZrmXlz95j9VE3j1bUeq8a5CTWAKoEiYrkh/ON9ns9iE=
github.com/go-ruby-observer/observer v0.0.0-20260820220157-5e26c6317a28 h1:9Iiv/i4gMlFiWyJ1ltuX3mvFnaAnnL4/vyIbougjbNw=
github.com/go-ruby-observer/observer v0.0.0-20260820220157-5e26c6317a28/go.mod h1:QvbIKqCHbVYFCko+ZlLGzFh6h/K7pqSKGzADrzTUvls=
github.com/go-ruby-optparse/optparse v0.0.0-20260717071632-da8194087eaf h1:48jiVvMG5OM0DhXLnKEzUtUulPELtx+QASI8KUt5gaQ=
github.com/go-ruby-optparse/optparse v0.0.0-20260717071632-da8194087eaf/go.mod h1:BxhqkQFCqSMeYeWOHt7sdxTSkbaSJF19dWzspICZL1Q=
github.com/go-ruby-ostruct/ostruct v0.0.0-20260820220107-4de11f016237 h1:3VgQXN1u/xQQ3AauWol2ZfByyb5M+wwUSQxw3uFAHx0=
github.com/go-ruby-ostruct/ostruct v0.0.0-20260820220107-4de11f016237/go.mod h1:WkHaYzJJba7jbtNmSXYztEF9tPOWgUv32ox47v1+AZc=
github.com/go-ruby-pathname/pathname v0.0.0-20260717071958-ef9f4ddd9c32 h1:pW+nH9H0sRe9FixkM/BTUbdwFl4nMfAvt4eetzcv1/g=
github.com/go-ruby-pathname/pathname v0.0.0-20260717071958-ef9f4ddd9c32/go.mod h1:IvW5q5Kyl5l3hrYwiHylOEmk5hpGSo7XqcmUXBHF5H0=
github.com/go-ruby-prettyprint/prettyprint v0.0.0-20260717072124-c98cbe80c502 h1:IWBzDuhzawtJ8ITpbKv+jDCNs8OMPXTgeA/ON34gNqQ=
github.com/go-ruby-prettyprint/prettyprint v0.0.0-20260717072124-c98cbe80c502/go.mod h1:SIQyfiIJRKJq0OD9gWYfmvQTdJClJf8z56BsfVVw7rY=
github.com/go-ruby-prime/prime v0.0.0-20260717072153-520610c103fc h1:n6D8+mmjw0d0YQPt8RLxpQo72KaEhJdAiT9ULyii4xE=
github.com/go-ruby-prime/prime v0.0.0-20260717072153-520610c103fc/go.mod h1:dG/91hk8HlQ6YAdD64xiMFHTTmXjTWtapKWoG9JtcRA=
github.com/go-ruby-pstore/pstore v0.0.0-20260825110359-e874d1551968 h1:TRCyv9YPBrf0XRnr8iMfR8a95sIKsZ7uApIwsc7dj7A=
github.com/go-ruby-pstore/pstore v0.0.0-20260825110359-e874d1551968/go.mod h1:RZGT1vhwpQ5b6jq94ghQkmTE6CMfM6AwsV8MtDA1UfE=
github.com/go-ruby-rational/rational v0.0.0-20260717073030-5199d6c61f15 h1:GlgliIwqiTzUHlwo3SXQr+5Q6UF0/u9ZPa9LLXhz4bc=
github.com/go-ruby-rational/rational v0.0.0-20260717073030-5199d6c61f15/go.mod h1:HTFcXF2Hj8nMePdHTwKH+SFENxEXNDhrKaoMe290KnI=
github.com/go-ruby-regexp/regexp v0.0.0-20260831115702-e14375e92d68 h1:Jw8B4iEM1qD4Jp2EhcSoZAmBgs/ZDVJW/kRyCtfqIy0=
github.com/go-ruby-regexp/regexp v0.0.0-20260831115702-e14375e92d68/go.mod h1:I3i2r1AXulgMBt/KiWBcxjnoNsB09ZFKkj2Vb5Mhzuw=
github.com/go-ruby-resolv/resolv v0.0.0-20260717073312-9fce615a7c36 h1:zY5BG7oDm17uAeOtujn/1/UEGXlav0cjXbZy8cQmZ0k=
github.com/go-ruby-resolv/resolv v0.0.0-20260717073312-9fce615a7c36/go.mod h1:RD3wPeMjMThQ7QVnB9O15gCllRg+RJhSEJu9DtFaLLQ=
github.com/go-ruby-rexml/rexml v0.0.0-20260916101905-c8e846bf8b6e h1:PwZ1F6Ia1XUXgwCjh7R+qsQVIU4pZmH7VmqLHkK/auQ=
github.com/go-ruby-rexml/rexml v0.0.0-20260916101905-c8e846bf8b6e/go.mod h1:UQGki9qXLiqaEOm4ih1CGznGNPUDcNGCsLVJ/y6G1G8=
github.com/go-ruby-scanf/scanf v0.0.0-20260717073842-238d8003a8eb h1:D7UOhzi1k+fNFBzG+iFGhMQ3Uab+s61z4xOyenlYvZY=
github.com/go-ruby-scanf/scanf v0.0.0-20260717073842-238d8003a8eb/go.mod h1:UpBHz/Hf4Q8h14UpfJ5Cpp+OxVEqqNuICXGnUjg2dKc=
github.com/go-ruby-securerandom/securerandom v0.0.0-20260916102518-8f55919c115b h1:nSaBApt934aDq+ECaxf4nnrxj2Ga0uJ1+fKgbrOK8FM=
github.com/go-ruby-securerandom/securerandom v0.0.0-20260916102518-8f55919c115b/go.mod h1:AXmjWZDPb7iCmnVXsR16rEQdV2H6B46s8GewxL6HYCc=
github.com/go-ruby-set/set v0.0.0-20260717074035-1da624a8b0b2 h1:5cD4carf4EMh0969Mb13rUzYe5cj9mcIpoF7BuhCmJs=
github.com/go-ruby-set/set v0.0.0-20260717074035-1da624a8b0b2/go.mod h1:F/P0PXeE5ybEPeWYfb1JAKWny1Li3dnlm6YxG2/vffE=
github.com/go-ruby-shellwords/shellwords v0.0.0-20260916102720-dcaddc4ec112 h1:kj85uTSB28WFuN0NsNUlr7q42ZDKVkB0M6dOEn/UNuI=
github.com/go-ruby-shellwords/shellwords v0.0.0-20260916102720-dcaddc4ec112/go.mod h1:gJ+9ba+y8+DKenwjZKbTLVSuX6Xp7V5R7pZ6NwtD6x0=
github.com/go-ruby-stringio/stringio v0.0.0-20260717074730-69daeb97cdf3 h1:gPHFuxt7k2Q2SwWCKCsug3UyWRmrugxY/qSQ8ogXZ/s=
github.com/go-ruby-stringio/stringio v0.0.0-20260717074730-69daeb97cdf3/go.mod h1:X+WdqcNFxpWwOTku5BB1fefeDevRFVJ4tiXEpeRWtZk=
github.com/go-ruby-strscan/strscan v0.0.0-20260901145237-ccc695a615fd h1:Ms4leT+FVerjmaQGm/hBLZk1FbLShmnASzhMBk20aj4=
github.com/go-ruby-strscan/strscan v0.0.0-20260901145237-ccc695a615fd/go.mod h1:7ZDv0gKkkx+fIiUZfpMY8HIqebGzvXSrCIm0xEEg/ik=
github.com/go-ruby-time/time v0.0.0-20260717074921-2d91cce39b86 h1:QulM5rupuMg1atityanJ+ArxHH0Lh1ofEhwaeyqydIc=
github.com/go-ruby-time/time v0.0.0-20260717074921-2d91cce39b86/go.mod h1:ySdzVsApzpx+/W/h9++Lr83xb/0y3I5apspJdonKT1Y=
github.com/go-ruby-tsort/tsort v0.0.0-20260717075041-e5642bd3f641 h1:CQKh5MyT2hC2pFzbYLiAJi006zC2aNFaDp6I6ECn8N4=
github.com/go-ruby-tsort/tsort v0.0.0-20260717075041-e5642bd3f641/go.mod h1:QMZn01XgIYihSr1pAeqHtM5DNuf7q92rJzO1Uj1diwE=
github.com/go-ruby-unicode-normalize/unicode-normalize v0.0.0-20260916103816-ff4e6b030f1f h1:Qqoz8+3zR1Rv8fLpY9xvLZIsOewozC3BDtf1c3erj7o=
github.com/go-ruby-unicode-normalize/unicode-normalize v0.0.0-20260916103816-ff4e6b030f1f/go.mod h1:h46HEDiNUPt0u4Ru5djqcljbtV0x0BWgKss+HVGaun4=
github.com/go-ruby-uri/uri v0.0.0-20260717075231-3bc88781d7e3 h1:+jmJYac7ItWX5wu4pWaB1oNAyOX03RDExlrTlKnLpSo=
github.com/go-ruby-uri/uri v0.0.0-20260717075231-3bc88781d7e3/go.mod h1:/7+NF+4kESzcNHjRtNe/lAfhgHpgElX4C+VNo0xsb6Y=
github.com/go-ruby-yaml/yaml v0.0.0-20260916104302-910ced2db1c7 h1:0p98W8xQ9WMGipkUVYZcgqvfVED1pEBk4IMjmjAej2s=
github.com/go-ruby-yaml/yaml v0.0.0-20260916104302-910ced2db1c7/go.mod h1:HtbQgnZpSTJBAhPg1jOKgHycZl3tXgf9ZdOu4dnHWjQ=
github.com/go-ruby-zlib/zlib v0.0.0-20260905061644-146cf9612b10 h1:EtuThaOV4ef/NXsB+vu3K4NO2lcSefvoabOic9rv6Iw=
github.com/go-ruby-zlib/zlib v0.0.0-20260905061644-146cf9612b10/go.mod h1:TevjLWMMhfg6lmCoaFPEhxyZRjannVCR+T0LQ+VFDSE=
github.com/go-simd/adler32 v0.0.0-20260903215945-099b59e5ad5a h1:sTSDG52aiZiRcS5Sa04NTj3GzNedqYO9++D346hnC1o=
github.com/go-simd/adler32 v0.0.0-20260903215945-099b59e5ad5a/go.mod h1:OdY6ycir7lCBFGikHeQknPc2WbKOdGtuP7cUJL3NT+E=
github.com/go-simd/base64 v0.0.0-20260903220000-c04f5883bb18 h1:qRxVDQapJmkrxakah1XqYxnYc8nhbTUhb0R7ZF+ZkiU=
github.com/go-simd/base64 v0.0.0-20260903220000-c04f5883bb18/go.mod h1:P2YPxBiS0h0R01P7Cqrhj4cZHKiacpO3Z2qLE3RflOQ=
github.com/go-simd/crc32 v0.0.0-20260903220012-5f164e0e0487 h1:6JZ4TKf3j6y7xS9meu2MBQZHkkeebFWiQo8x2htKfd0=
github.com/go-simd/crc32 v0.0.0-20260903220012-5f164e0e0487/go.mod h1:lickteAl0z3L24ypOqBe0AwoHPMMxxpYcxJu72aO1kw=
github.com/go-simd/hex v0.0.0-20260903220024-a8d22a843218 h1:TymapuhKzqUf8LNtsv8L4PJY/gz5bAaEbD2cpot1vFI=
github.com/go-simd/hex v0.0.0-20260903220024-a8d22a843218/go.mod h1:ZwRN06+N0wTIjn+mxT2NF/CbzTMAlfH/c0CKG8q5cwU=
github.com/klauspost/compress v1.20.0 h1:a3C1ke2ohxFymNlb2HWAHjDeKCI90scRskErZkR0ezA=
github.com/klauspost/compress v1.20.0/go.mod h1:LUdAzn7YLVvxLpc7y3V1m40wESHTgc1422pwwBSKYuI=
github.com/mhr3/adler32-simd v0.3.0 h1:4CdhRQdivbqK8X1rGRsd50n48hUFtzQEd5pBzndgnC0=
github.com/mhr3/adler32-simd v0.3.0/go.mod h1:dWAnxNc3wSXy0lhxgkXMNj9xyY46iL8vZwkETDE2Gpw=
github.com/tmthrgd/go-hex v0.0.0-20190904060850-447a3041c3bc h1:9lRDQMhESg+zvGYmW5DyG0UqvY96Bu5QYsTLvCHdrgo=
github.com/tmthrgd/go-hex v0.0.0-20190904060850-447a3041c3bc/go.mod h1:bciPuU6GHm1iF1pBvUfxfsH0Wmnc2VbpgvbI9ZWuIRs=
golang.org/x/crypto v0.56.0 h1:GUh5Ii4J5jtcseSMiRqr1jXCNHoxjeV9Fmekc2oLy6Y=
golang.org/x/crypto v0.56.0/go.mod h1:OMW5y6CY9l38uPLmxU6l6pwcXp1obtLo3e6gT7gQR2I=
golang.org/x/sys v0.47.0 h1:o7XGOvZQCADBQQ4Y7VNq2dRWQR7JmOUW8Kxx4ZsNgWs=
golang.org/x/sys v0.47.0/go.mod h1:4GL1E5IUh+htKOUEOaiffhrAeqysfVGipDYzABqnCmw=
golang.org/x/text v0.42.0 h1:JbOZXgfeCPU9gacVtYliJqOhD+zhrEqK4LfdpmlUZqI=
golang.org/x/text v0.42.0/go.mod h1:ojzP1Z+2QtioaF8DTtO8K5q7JWVVYwZKenzujK0Zd0E=
