github.com/cristalhq/base64 v0.1.2 h1:edsefYyYDiac7Ytdh2xdaiiSSJzcI2f0yIkdGEf1qY0=
github.com/cristalhq/base64 v0.1.2/go.mod h1:sy4+2Hale2KbtSqkzpdMeYTP/IrB+HCvxVHWsh2VSYk=
github.com/emmansun/base64 v0.6.2 h1:Qd/W1hAs9kzcWmBozAOhlxFrjnZQR2dBN4og7WMInFs=
github.com/emmansun/base64 v0.6.2/go.mod h1:EjgM1HylRQjG1oaIMsF6+CzHsBCrTBm36890foTOELY=
github.com/go-ruby-abbrev/abbrev v0.0.0-20260629150957-97117892cd38 h1:j0VAUKCGNUTZVThG4Pi3pgdHXFybwXnY7anpYuKeuH4=
github.com/go-ruby-abbrev/abbrev v0.0.0-20260629150957-97117892cd38/go.mod h1:PgAtItdQBv87Wog0Q7rnbwhqsupDC0pDXDlZgSv6nvA=
github.com/go-ruby-base64/base64 v0.0.0-20260630081041-5dec54f20f53 h1:MBggShyLWDpr0USQMZvcRvRc+OIcHKFn4ohDnmB3C6k=
github.com/go-ruby-base64/base64 v0.0.0-20260630081041-5dec54f20f53/go.mod h1:pjBeKtZ2Gpc6Dq9DoDwUYEXehQU2sOpKPWxcrSNr2Cs=
github.com/go-ruby-base64/base64 v0.0.0-20260717062030-720dc2ab4d02 h1:V5AwVfbxhEJZjISjI2H5TONpMeKNUT5lxIBEnAClcPc=
github.com/go-ruby-base64/base64 v0.0.0-20260717062030-720dc2ab4d02/go.mod h1:wAMh7VnlOelf8z8L8ZboqLAL8IX7yiPSyBS2JkSeylk=
github.com/go-ruby-benchmark/benchmark v0.0.0-20260630081339-0d8f1c26e378 h1:tn4iqFZc2KhoZ4iamcqdT+dYYiDef0RhmSbBNjPVRGk=
github.com/go-ruby-benchmark/benchmark v0.0.0-20260630081339-0d8f1c26e378/go.mod h1:xTLuIsErHXTxzLBJkUz5J07NwY58QJ75j2Ww4DQGFEM=
github.com/go-ruby-bigdecimal/bigdecimal v0.0.0-20260629113642-660c01ff39c4 h1:XHJOnSV9GH1+gh1/SqRsskjncBzx2NUO00G8vaX5XKA=
github.com/go-ruby-bigdecimal/bigdecimal v0.0.0-20260629113642-660c01ff39c4/go.mod h1:op9nu6Z2gvH8/phs7iJZQWNvUnT2DkJV8wBAl1l0kfE=
github.com/go-ruby-bigdecimal/bigdecimal v0.0.0-20260717062419-05e9199217e8 h1:mGbEqa3C0JiCbewQgdClFdA6kUpyptPAzyF0yhQpbYA=
github.com/go-ruby-bigdecimal/bigdecimal v0.0.0-20260717062419-05e9199217e8/go.mod h1:op9nu6Z2gvH8/phs7iJZQWNvUnT2DkJV8wBAl1l0kfE=
github.com/go-ruby-cgi/cgi v0.0.0-20260629151926-ac1c4d37a56c h1:6YAo3FKzJJbQdLbvxHy7I4ur5+R+pLLMWwKXXLnWcQU=
github.com/go-ruby-cgi/cgi v0.0.0-20260629151926-ac1c4d37a56c/go.mod h1:TAIxiFMAj68dWClzEmDY1vCSNFiPfupD3HRADRXrkZw=
github.com/go-ruby-cmath/cmath v0.0.0-20260629152837-67a84137d824 h1:DLLC7LmqIWv8KT64njNSNjs5H2ayBfNMJGjtPWKR8yY=
github.com/go-ruby-cmath/cmath v0.0.0-20260629152837-67a84137d824/go.mod h1:djGUM2WR7AdnZqeRg/OQ4xVzmsl8PAWQKILX2n/foas=
github.com/go-ruby-cmath/cmath v0.0.0-20260717063021-5f2ebb903ff8 h1:P0341Wa52CVcJhtBn/8uGZdbQM2RFz4wesvzp6Js9o4=
github.com/go-ruby-cmath/cmath v0.0.0-20260717063021-5f2ebb903ff8/go.mod h1:djGUM2WR7AdnZqeRg/OQ4xVzmsl8PAWQKILX2n/foas=
github.com/go-ruby-complex/complex v0.0.0-20260629153304-ebcd523ce6cf h1:3BUpAnvI2wNUrLTKSoUJxDqPG7G1E2WKCrm/yFa9FGw=
github.com/go-ruby-complex/complex v0.0.0-20260629153304-ebcd523ce6cf/go.mod h1:SlQrQ0OgZRrWi2slZEzjUOPqt09g7NvBmTFXfJRZigY=
github.com/go-ruby-complex/complex v0.0.0-20260717063207-ad262f45ef90 h1:+7S3XskOZttL/zoFHFkMa13l9Z4IK30Am6OXjS6seDo=
github.com/go-ruby-complex/complex v0.0.0-20260717063207-ad262f45ef90/go.mod h1:SlQrQ0OgZRrWi2slZEzjUOPqt09g7NvBmTFXfJRZigY=
github.com/go-ruby-csv/csv v0.0.0-20260629114549-c624fdf379cc h1:XAxewcVViNLEjBSEu6xI5rfDw7lv99hqNy8jzT5mr+I=
github.com/go-ruby-csv/csv v0.0.0-20260629114549-c624fdf379cc/go.mod h1:vvfFJGcGOK37vnBikohtzboL6dIfbsr54+2Ri0HkWwk=
github.com/go-ruby-csv/csv v0.0.0-20260717063450-c0e361e4d3ee h1:onqW68bntEame4+iCxLbWPizZ58F1JafoA5OmmF3lM4=
github.com/go-ruby-csv/csv v0.0.0-20260717063450-c0e361e4d3ee/go.mod h1:vvfFJGcGOK37vnBikohtzboL6dIfbsr54+2Ri0HkWwk=
github.com/go-ruby-date/date v0.0.0-20260629114559-23a5251a54e4 h1:Qyl2DRWnEC65Y7EI6TB9vIHzQmkySJrIF5uzBu3YdKw=
github.com/go-ruby-date/date v0.0.0-20260629114559-23a5251a54e4/go.mod h1:kn4XWlGthyqF+ogp9Tmj9EYLmvZa3Yb9Eqnfdsgu63Y=
github.com/go-ruby-did-you-mean/did-you-mean v0.0.0-20260629152232-d6815db959e9 h1:6chWND+L2l7xqFlGUfv732oUBBOVs8WsMvKt8z7HJBE=
github.com/go-ruby-did-you-mean/did-you-mean v0.0.0-20260629152232-d6815db959e9/go.mod h1:8I30lj4s9N0MCztmdJdCyMRCfK5xBBQiWHUwgnK3pIY=
github.com/go-ruby-did-you-mean/did-you-mean v0.0.0-20260717063932-c1bcb7f2c2eb h1:crX81ozdc3NB/fUCoyVjNLt/HKE0BiTCyHI2jUtxYdg=
github.com/go-ruby-did-you-mean/did-you-mean v0.0.0-20260717063932-c1bcb7f2c2eb/go.mod h1:8I30lj4s9N0MCztmdJdCyMRCfK5xBBQiWHUwgnK3pIY=
github.com/go-ruby-digest/digest v0.0.0-20260629113522-e22d22431111 h1:pxsFN2ESynf6yWyy9Z1pX02H042YyC5ILsIVN89wPTU=
github.com/go-ruby-digest/digest v0.0.0-20260629113522-e22d22431111/go.mod h1:Et3sL9ojvqpOBFth/n1pryhkJzr9DvYYQ23g3rUJ0N4=
github.com/go-ruby-erb/erb v0.0.0-20260629074717-0999ae4dd529 h1:md/l6ifEY6S0Iy1nBk5hVt5BhnWJRqhB08gVEsVvS28=
github.com/go-ruby-erb/erb v0.0.0-20260629074717-0999ae4dd529/go.mod h1:HEJVI7jQ/BnjiSiu2Wj934QboEAgdv47RNOqvZb+nRw=
github.com/go-ruby-find/find v0.0.0-20260630081030-35072d185272 h1:tHmlER04rO8LxFWbDiKqcFDzB4WFzBio/c6kgeOdpGo=
github.com/go-ruby-find/find v0.0.0-20260630081030-35072d185272/go.mod h1:wpq0ciEFn8zUc1vfuHRjF2U8mH0krhJCRHHr+JOGaEY=
github.com/go-ruby-format/format v0.0.0-20260629094031-e294417ab31c h1:dJBMxMFxBLrk4LoWL23tOl5M8P0CA8Gb7r/mvsaPk6A=
github.com/go-ruby-format/format v0.0.0-20260629094031-e294417ab31c/go.mod h1:1tuz12SHPOcnFSfdPYRFwVvRhMT4Xn4M4jfPFgM7pLA=
github.com/go-ruby-getoptlong/getoptlong v0.0.0-20260629150025-1a1bfd19bc49 h1:v2Cy3bZTTi+u9XKBRP8FmYHwsWwZ+t8hlh3s4i1gGfQ=
github.com/go-ruby-getoptlong/getoptlong v0.0.0-20260629150025-1a1bfd19bc49/go.mod h1:nGvVSBSIsYrhM2qs4yQ2k8uDbXCFPWQXXqkowleHMDs=
github.com/go-ruby-ipaddr/ipaddr v0.0.0-20260630052208-78ca85dc054b h1:1iw1eRBOG7D7jCC/P4hzWllM4IkYiR/jP9Bwuo3ds6c=
github.com/go-ruby-ipaddr/ipaddr v0.0.0-20260630052208-78ca85dc054b/go.mod h1:NbAjqDjT7Qx83yBMHYGCfPFzi+iAvQtrE3JT3nqS/+U=
github.com/go-ruby-json/json v0.0.0-20260630210255-96013117f0d5 h1:KFU3OKsop0CF8Zv1TQ9FwGY3fWcdGGCcqJEjx9zxykU=
github.com/go-ruby-json/json v0.0.0-20260630210255-96013117f0d5/go.mod h1:nHXcH3zaGNmCslZStZVeylXkv1wLp+nzT6qNj+m+QXU=
github.com/go-ruby-logger/logger v0.0.0-20260630081511-870e2ee3f277 h1:XfUzDZqZWgOUTJ22GdwNOgkZB9MZKhxsPTq0xL1u5Io=
github.com/go-ruby-logger/logger v0.0.0-20260630081511-870e2ee3f277/go.mod h1:9+5E2AAIpErKRtzJ7zqZSfptjlD/XcD/ni6H9jpO37Y=
github.com/go-ruby-marshal/marshal v0.0.0-20260622114304-27ed1baddd9f h1:IIBuHgiQJbssGPhrUbagvP74febWhmKxiNk7IQq1//g=
github.com/go-ruby-marshal/marshal v0.0.0-20260622114304-27ed1baddd9f/go.mod h1:UpjSgWGcQSNt0ARWuHKwf0P55LkwZ65vuqoRPSKctZ8=
github.com/go-ruby-matrix/matrix v0.0.0-20260630052510-d60a23f08aca h1:jerobsJZBFXJa/2ktK8DEDU/Yf5CmX12oRkrezKq/XQ=
github.com/go-ruby-matrix/matrix v0.0.0-20260630052510-d60a23f08aca/go.mod h1:ZrmXlz95j9VE3j1bUeq8a5CTWAKoEiYrkh/ON9ns9iE=
github.com/go-ruby-observer/observer v0.0.0-20260630080708-c3a02da51f79 h1:xZIEcf1IAtrI81CRyflqoeqkbTz7CUd3aAicW9HDzfY=
github.com/go-ruby-observer/observer v0.0.0-20260630080708-c3a02da51f79/go.mod h1:QvbIKqCHbVYFCko+ZlLGzFh6h/K7pqSKGzADrzTUvls=
github.com/go-ruby-optparse/optparse v0.0.0-20260629093110-6b69a6b03546 h1:A4xMrLruv4Zp4q0AhTFngQ9JccwqbxVBiWB3fiTZVsQ=
github.com/go-ruby-optparse/optparse v0.0.0-20260629093110-6b69a6b03546/go.mod h1:BxhqkQFCqSMeYeWOHt7sdxTSkbaSJF19dWzspICZL1Q=
github.com/go-ruby-ostruct/ostruct v0.0.0-20260630080835-69fcd87e76bf h1:W5Itep0ISPPujTPpHk86NVfbk+wwQ/qvI/Jq/CEpBrw=
github.com/go-ruby-ostruct/ostruct v0.0.0-20260630080835-69fcd87e76bf/go.mod h1:WkHaYzJJba7jbtNmSXYztEF9tPOWgUv32ox47v1+AZc=
github.com/go-ruby-pathname/pathname v0.0.0-20260629151955-d8d2c4e5f81b h1:/ZN1eLOg0oH4wF8qmd6NOyB4ENYthx6wFwOpZiPhRIE=
github.com/go-ruby-pathname/pathname v0.0.0-20260629151955-d8d2c4e5f81b/go.mod h1:IvW5q5Kyl5l3hrYwiHylOEmk5hpGSo7XqcmUXBHF5H0=
github.com/go-ruby-prettyprint/prettyprint v0.0.0-20260629152429-60a380e82d7d h1:hH6O6QdrUlbePkqb8skhFQ0BVuMe0u1c/CXFFaVUnXg=
github.com/go-ruby-prettyprint/prettyprint v0.0.0-20260629152429-60a380e82d7d/go.mod h1:SIQyfiIJRKJq0OD9gWYfmvQTdJClJf8z56BsfVVw7rY=
github.com/go-ruby-prime/prime v0.0.0-20260629151744-aa26747e21a8 h1:zghkWpebo93z7Uz/BMXnLSN30ZPeLXS35Y1HPeXkUE4=
github.com/go-ruby-prime/prime v0.0.0-20260629151744-aa26747e21a8/go.mod h1:dG/91hk8HlQ6YAdD64xiMFHTTmXjTWtapKWoG9JtcRA=
github.com/go-ruby-pstore/pstore v0.0.0-20260630081017-0dd55a12f94e h1:JmbJL+0nq6HY1SX1tDBFQyo7M8JgbQ+ukwn8iLyNGfs=
github.com/go-ruby-pstore/pstore v0.0.0-20260630081017-0dd55a12f94e/go.mod h1:tbYmHYXjnNXJCNYABDx9nWfuGBCXeKrp134bNsQeTpM=
github.com/go-ruby-rational/rational v0.0.0-20260629152220-2187d8040bb2 h1:Yqcys6BFn9AIwws+AfMmbYX40KAn/SL8qUaGMaJfiT8=
github.com/go-ruby-rational/rational v0.0.0-20260629152220-2187d8040bb2/go.mod h1:HTFcXF2Hj8nMePdHTwKH+SFENxEXNDhrKaoMe290KnI=
github.com/go-ruby-regexp/regexp v0.0.0-20260701043846-fa3d6604e1ee h1:ctauEAdAq129WCrU+dndYcOjNlo1Y94vWNBtgXp1heE=
github.com/go-ruby-regexp/regexp v0.0.0-20260701043846-fa3d6604e1ee/go.mod h1:+0nK2X+aCPMO91bPMM/DT1OFUIzFQeoTPGkkOR3kd84=
github.com/go-ruby-resolv/resolv v0.0.0-20260629153520-df410a5796ac h1:Y++tdsBF6lA/cw3c9uQ/ZyQZjP2N3wkA6pLF8a3HnHc=
github.com/go-ruby-resolv/resolv v0.0.0-20260629153520-df410a5796ac/go.mod h1:RD3wPeMjMThQ7QVnB9O15gCllRg+RJhSEJu9DtFaLLQ=
github.com/go-ruby-rexml/rexml v0.0.0-20260629154021-5fb0f287ee8b h1:hWNW3Z8g7Hwi17NJT912J0udGhK5dzxub8u7T07Oyv8=
github.com/go-ruby-rexml/rexml v0.0.0-20260629154021-5fb0f287ee8b/go.mod h1:UQGki9qXLiqaEOm4ih1CGznGNPUDcNGCsLVJ/y6G1G8=
github.com/go-ruby-scanf/scanf v0.0.0-20260629150220-414dbb31c386 h1:mt488Km0GMk/yjJtKUY4jo+fNz1xqHe0uLbEwPJa4To=
github.com/go-ruby-scanf/scanf v0.0.0-20260629150220-414dbb31c386/go.mod h1:UpBHz/Hf4Q8h14UpfJ5Cpp+OxVEqqNuICXGnUjg2dKc=
github.com/go-ruby-securerandom/securerandom v0.0.0-20260630081933-3f81ff7d7fb0 h1:NDJ7mJ3uMoysAoBRMJJNr0RRbqLfzp+8flALEeOuahI=
github.com/go-ruby-securerandom/securerandom v0.0.0-20260630081933-3f81ff7d7fb0/go.mod h1:xjx6gnzA3xXHkJrJFQDp1pW559J3kJR2e6GPctYg4K4=
github.com/go-ruby-set/set v0.0.0-20260630204346-ab6a8a92a910 h1:Q41u365suJ1TlrX2mlVHOGBmW904Lwh3mo+WnlVPtno=
github.com/go-ruby-set/set v0.0.0-20260630204346-ab6a8a92a910/go.mod h1:F/P0PXeE5ybEPeWYfb1JAKWny1Li3dnlm6YxG2/vffE=
github.com/go-ruby-shellwords/shellwords v0.0.0-20260629114104-e941e4210818 h1:z9b99kWJht8AgtlIbdiq7Y02j6eddxW+rr4MJpCS6kw=
github.com/go-ruby-shellwords/shellwords v0.0.0-20260629114104-e941e4210818/go.mod h1:gJ+9ba+y8+DKenwjZKbTLVSuX6Xp7V5R7pZ6NwtD6x0=
github.com/go-ruby-stringio/stringio v0.0.0-20260629145734-db9b0b95e303 h1:8kZAgBT5jV1Q9RVCKgEpqZku8QI3n2qviQU9xlI3sKk=
github.com/go-ruby-stringio/stringio v0.0.0-20260629145734-db9b0b95e303/go.mod h1:X+WdqcNFxpWwOTku5BB1fefeDevRFVJ4tiXEpeRWtZk=
github.com/go-ruby-strscan/strscan v0.0.0-20260701044334-d0cc926643a8 h1:WxInOHCeP0EDmZqorooXIYTcDgBNm+3rOnfjRcWHlN0=
github.com/go-ruby-strscan/strscan v0.0.0-20260701044334-d0cc926643a8/go.mod h1:WNa2NtlvT8gaOrAw6m3VCb+8WgBWdOLLEWbKiugZ2wY=
github.com/go-ruby-time/time v0.0.0-20260629145843-c41ecfe3e144 h1:h33p+sKyi5u2Dy3anHTNMWwoOQxlBmmZoQmrow88mfI=
github.com/go-ruby-time/time v0.0.0-20260629145843-c41ecfe3e144/go.mod h1:ySdzVsApzpx+/W/h9++Lr83xb/0y3I5apspJdonKT1Y=
github.com/go-ruby-tsort/tsort v0.0.0-20260629151245-27c44f985c8b h1:qTw5CoNYJccf05o0QlyoYwaOik4RIrUI76HAR7RGqRw=
github.com/go-ruby-tsort/tsort v0.0.0-20260629151245-27c44f985c8b/go.mod h1:QMZn01XgIYihSr1pAeqHtM5DNuf7q92rJzO1Uj1diwE=
github.com/go-ruby-unicode-normalize/unicode-normalize v0.0.0-20260629152419-984d3fbcfb7f h1:OKU5SsaiAFX7U1u+KlW7c54zNYMnW5sRWoj4nOhY7yU=
github.com/go-ruby-unicode-normalize/unicode-normalize v0.0.0-20260629152419-984d3fbcfb7f/go.mod h1:mKlLb/MTNhSHSUhcAvb6hi3ZCR5kCgVdDaInEyI3Wr8=
github.com/go-ruby-uri/uri v0.0.0-20260629113958-59633d1b0deb h1:CyoFEEsMPa/TX4EJHOPsXud3nccESDhaW6fTQsidIKI=
github.com/go-ruby-uri/uri v0.0.0-20260629113958-59633d1b0deb/go.mod h1:/7+NF+4kESzcNHjRtNe/lAfhgHpgElX4C+VNo0xsb6Y=
github.com/go-ruby-yaml/yaml v0.0.0-20260629093916-8035038027bd h1:4HGjgCdTIuIEM+iZXJ9hJJzt0IBMtxPqdJq72mr0Y64=
github.com/go-ruby-yaml/yaml v0.0.0-20260629093916-8035038027bd/go.mod h1:HtbQgnZpSTJBAhPg1jOKgHycZl3tXgf9ZdOu4dnHWjQ=
github.com/go-ruby-zlib/zlib v0.0.0-20260630195847-fee6c794df58 h1:shnGftlo6rE/od31Ra8XPEduxyjpCWS0/q56EkkiYjM=
github.com/go-ruby-zlib/zlib v0.0.0-20260630195847-fee6c794df58/go.mod h1:WGW5hh1yjgYm98zeoraLu8DWJ0iRFSU0fNmK8PXQ43M=
github.com/go-simd/base64 v0.0.0-20260627054622-4058a7093f4c h1:iA1vHw+pR44TUtDlviXz3P8pAExO1nSm39PMZ7MsuYU=
github.com/go-simd/base64 v0.0.0-20260627054622-4058a7093f4c/go.mod h1:/nL/YHcchLkENbcFEEqAcfESIiwCM9/1H67LsSnd7EI=
github.com/go-simd/base64 v0.0.0-20260703160615-1d0b2dddc996 h1:q3fyZ61j/I6dilPPgLHSTohxpDXPewe4Nnp7FQ4oJgE=
github.com/go-simd/base64 v0.0.0-20260703160615-1d0b2dddc996/go.mod h1:/nL/YHcchLkENbcFEEqAcfESIiwCM9/1H67LsSnd7EI=
github.com/go-simd/hex v0.0.0-20260627054622-d04d429c6aea h1:qVh9jV1QriPPfKtAb8au5pmVxKDk5Vl4nQUi/issQM0=
github.com/go-simd/hex v0.0.0-20260627054622-d04d429c6aea/go.mod h1:q2/BdGuWJ9RahGzN+s+KtyacBAZFX15Nq0IikPFwKw0=
github.com/klauspost/compress v1.18.7 h1:aUyZsS4kH3QTKurYhAOwAHxllVPnOthb3vPfnF1Ehjw=
github.com/klauspost/compress v1.18.7/go.mod h1:cwPg85FWrGar70rWktvGQj8/hthj3wpl0PGDogxkrSQ=
github.com/tmthrgd/go-hex v0.0.0-20190904060850-447a3041c3bc h1:9lRDQMhESg+zvGYmW5DyG0UqvY96Bu5QYsTLvCHdrgo=
github.com/tmthrgd/go-hex v0.0.0-20190904060850-447a3041c3bc/go.mod h1:bciPuU6GHm1iF1pBvUfxfsH0Wmnc2VbpgvbI9ZWuIRs=
golang.org/x/crypto v0.53.0 h1:QZ4Muo8THX6CizN2vPPd5fBGHyogrdK9fG4wLPFUsto=
golang.org/x/crypto v0.53.0/go.mod h1:DNLU434OwVakk9PzuwV8w62mAJpRJL3vsgcfp4Qnsio=
golang.org/x/sys v0.46.0 h1:noSf2Fq6F8DBgS+LysIkx7rIExoNHJsxOAtPp4rthXw=
golang.org/x/sys v0.46.0/go.mod h1:4GL1E5IUh+htKOUEOaiffhrAeqysfVGipDYzABqnCmw=
golang.org/x/text v0.38.0 h1:sXmwo9DwP3OK9EZ7PqAdaooSGozfl/3a6/xJcbzPRhE=
golang.org/x/text v0.38.0/go.mod h1:YXZt3QhHUKYT53r2lLKFIVi6Ao1jdzrTR/KQ09qyxF4=
